# This file is autogenerated, do not edit; changes may be undone by the next 'dep ensure'.


[[projects]]
  name = "cloud.google.com/go"
  packages = ["compute/metadata"]
  revision = "767c40d6a2e058483c25fa193e963a22da17236d"
  version = "v0.18.0"

[[projects]]
  name = "github.com/golang/protobuf"
  packages = ["proto"]
  revision = "925541529c1fa6821df4e44ce2723319eb2be768"
  version = "v1.0.0"

[[projects]]
  branch = "master"
  name = "golang.org/x/net"
  packages = [
    "context",
    "context/ctxhttp"
  ]
  revision = "f5dfe339be1d06f81b22525fe34671ee7d2c8904"

[[projects]]
  branch = "master"
  name = "golang.org/x/oauth2"
  packages = [
    ".",
    "google",
    "internal",
    "jws",
    "jwt"
  ]
  revision = "543e37812f10c46c622c9575afd7ad22f22a12ba"

[[projects]]
  branch = "master"
  name = "google.golang.org/api"
  packages = [
    "drive/v3",
    "gensupport",
    "googleapi",
    "googleapi/internal/uritemplates",
    "sheets/v4"
  ]
  revision = "068431dcab1a5817548dd244d9795788a98329f4"

[[projects]]
  name = "google.golang.org/appengine"
  packages = [
    ".",
    "internal",
    "internal/app_identity",
    "internal/base",
    "internal/datastore",
    "internal/log",
    "internal/modules",
    "internal/remote_api",
    "internal/urlfetch",
    "urlfetch"
  ]
  revision = "150dc57a1b433e64154302bdc40b6bb8aefa313a"
  version = "v1.0.0"

[solve-meta]
  analyzer-name = "dep"
  analyzer-version = 1
  inputs-digest = "4cd488d168aae755f267fedca22959b99fe14a55c3f1f3aa0fa0fa85a1231b50"
  solver-name = "gps-cdcl"
  solver-version = 1
